{
  "name": "threshold-coaching",
  "version": "1.0.0",
  "lockfileVersion": 3,
  "requires": true,
  "packages": {
    "": {
      "name": "threshold-coaching",
      "version": "1.0.0",
      "dependencies": {
        "@supabase/supabase-js": "^2.45.4",
        "bcryptjs": "^2.4.3"
      },
      "devDependencies": {
        "terser": "^5.48.0"
      }
    },
    "node_modules/@jridgewell/gen-mapping": {
      "version": "0.3.13",
      "resolved": "https://registry.npmjs.org/@jridgewell/gen-mapping/-/gen-mapping-0.3.13.tgz",
      "integrity": "sha512-2kkt/7niJ6MgEPxF0bYdQ6etZaA+fQvDcLKckhy1yIQOzaoKjBBjSj63/aLVjYE3qhRt5dvM+uUyfCg6UKCBbA==",
      "dev": true,
      "license": "MIT",
      "dependencies": {
        "@jridgewell/sourcemap-codec": "^1.5.0",
        "@jridgewell/trace-mapping": "^0.3.24"
      }
    },
    "node_modules/@jridgewell/resolve-uri": {
      "version": "3.1.2",
      "resolved": "https://registry.npmjs.org/@jridgewell/resolve-uri/-/resolve-uri-3.1.2.tgz",
      "integrity": "sha512-bRISgCIjP20/tbWSPWMEi54QVPRZExkuD9lJL+UIxUKtwVJA8wW1Trb1jMs1RFXo1CBTNZ/5hpC9QvmKWdopKw==",
      "dev": true,
      "license": "MIT",
      "engines": {
        "node": ">=6.0.0"
      }
    },
    "node_modules/@jridgewell/source-map": {
      "version": "0.3.11",
      "resolved": "https://registry.npmjs.org/@jridgewell/source-map/-/source-map-0.3.11.tgz",
      "integrity": "sha512-ZMp1V8ZFcPG5dIWnQLr3NSI1MiCU7UETdS/A0G8V/XWHvJv3ZsFqutJn1Y5RPmAPX6F3BiE397OqveU/9NCuIA==",
      "dev": true,
      "license": "MIT",
      "dependencies": {
        "@jridgewell/gen-mapping": "^0.3.5",
        "@jridgewell/trace-mapping": "^0.3.25"
      }
    },
    "node_modules/@jridgewell/sourcemap-codec": {
      "version": "1.5.5",
      "resolved": "https://registry.npmjs.org/@jridgewell/sourcemap-codec/-/sourcemap-codec-1.5.5.tgz",
      "integrity": "sha512-cYQ9310grqxueWbl+WuIUIaiUaDcj7WOq5fVhEljNVgRfOUhY9fy2zTvfoqWsnebh8Sl70VScFbICvJnLKB0Og==",
      "dev": true,
      "license": "MIT"
    },
    "node_modules/@jridgewell/trace-mapping": {
      "version": "0.3.31",
      "resolved": "https://registry.npmjs.org/@jridgewell/trace-mapping/-/trace-mapping-0.3.31.tgz",
      "integrity": "sha512-zzNR+SdQSDJzc8joaeP8QQoCQr8NuYx2dIIytl1QeBEZHJ9uW6hebsrYgbz8hJwUQao3TWCMtmfV8Nu1twOLAw==",
      "dev": true,
      "license": "MIT",
      "dependencies": {
        "@jridgewell/resolve-uri": "^3.1.0",
        "@jridgewell/sourcemap-codec": "^1.4.14"
      }
    },
    "node_modules/@supabase/auth-js": {
      "version": "2.108.0",
      "resolved": "https://registry.npmjs.org/@supabase/auth-js/-/auth-js-2.108.0.tgz",
      "integrity": "sha512-0CzVGVqHfNOhRQVEcAmu58Mex2Ce0zL3aGfyV+iFQjTK6OntLK/hLCLr/VDRX0E8/2CdsiY99L7fZ/8ys/op4w==",
      "license": "MIT",
      "dependencies": {
        "tslib": "2.8.1"
      },
      "engines": {
        "node": ">=20.0.0"
      }
    },
    "node_modules/@supabase/functions-js": {
      "version": "2.108.0",
      "resolved": "https://registry.npmjs.org/@supabase/functions-js/-/functions-js-2.108.0.tgz",
      "integrity": "sha512-lqEGDzT7QBUuKYzi5lHpV/XecXT9wikzcbXMbFo6krNpSDynD1sHM8wcsfB/BAqa4NkFuy3vF4JCV8MeakV8IQ==",
      "license": "MIT",
      "dependencies": {
        "tslib": "2.8.1"
      },
      "engines": {
        "node": ">=20.0.0"
      }
    },
    "node_modules/@supabase/phoenix": {
      "version": "0.4.2",
      "resolved": "https://registry.npmjs.org/@supabase/phoenix/-/phoenix-0.4.2.tgz",
      "integrity": "sha512-YSAGnmDAfuleFCVt3CeurQZAhxRfXWeZIIkwp7NhYzQ1UwW6ePSnzsFAiUm/mbCkfoCf70QQHKW/K6RKh52a4A==",
      "license": "MIT"
    },
    "node_modules/@supabase/postgrest-js": {
      "version": "2.108.0",
      "resolved": "https://registry.npmjs.org/@supabase/postgrest-js/-/postgrest-js-2.108.0.tgz",
      "integrity": "sha512-8AwTkPqowDYv/qh016CyXeZ3Ukpw6NHyfqc7DWV4afLR2hAiapf3zRKV2ZLG+//T1LK84HrR6X8VBwfgHWmNyw==",
      "license": "MIT",
      "dependencies": {
        "tslib": "2.8.1"
      },
      "engines": {
        "node": ">=20.0.0"
      }
    },
    "node_modules/@supabase/realtime-js": {
      "version": "2.108.0",
      "resolved": "https://registry.npmjs.org/@supabase/realtime-js/-/realtime-js-2.108.0.tgz",
      "integrity": "sha512-N3xR0u7TNr+c5wuLSU60rcfu/H/8N0WBs7iHWwjI/NxKwY3XWSyLUbpbpU8bzmL0dA/Gk9Mupri8mxKUXBW+iw==",
      "license": "MIT",
      "dependencies": {
        "@supabase/phoenix": "^0.4.2",
        "tslib": "2.8.1"
      },
      "engines": {
        "node": ">=20.0.0"
      }
    },
    "node_modules/@supabase/storage-js": {
      "version": "2.108.0",
      "resolved": "https://registry.npmjs.org/@supabase/storage-js/-/storage-js-2.108.0.tgz",
      "integrity": "sha512-zMYQmh87CId7d8i/1FIfv4fMDcXPutmIJSpoY58GLXi7M266MNzxWGNabDk4i555Oj1Nqtsu2i3Qo3rpWUXO6A==",
      "license": "MIT",
      "dependencies": {
        "iceberg-js": "^0.8.1",
        "tslib": "2.8.1"
      },
      "engines": {
        "node": ">=20.0.0"
      }
    },
    "node_modules/@supabase/supabase-js": {
      "version": "2.108.0",
      "resolved": "https://registry.npmjs.org/@supabase/supabase-js/-/supabase-js-2.108.0.tgz",
      "integrity": "sha512-AjPoimM9MZLZbddnlDBGmpZ/Tas1dNcJvuZy/VD1AfmrjBC8J2RSw6UOqR4ISLLlEioOLca/5t1crFnAxa0wRQ==",
      "license": "MIT",
      "dependencies": {
        "@supabase/auth-js": "2.108.0",
        "@supabase/functions-js": "2.108.0",
        "@supabase/postgrest-js": "2.108.0",
        "@supabase/realtime-js": "2.108.0",
        "@supabase/storage-js": "2.108.0"
      },
      "engines": {
        "node": ">=20.0.0"
      }
    },
    "node_modules/acorn": {
      "version": "8.17.0",
      "resolved": "https://registry.npmjs.org/acorn/-/acorn-8.17.0.tgz",
      "integrity": "sha512-xRQbDb9BnwDafYNn6Vwl839DYVjqXYb1XVGtWAZ1kcDc6iwAL4hg3B1dZlRiuENFeO2H53gFG3in621AdERVAg==",
      "dev": true,
      "license": "MIT",
      "bin": {
        "acorn": "bin/acorn"
      },
      "engines": {
        "node": ">=0.4.0"
      }
    },
    "node_modules/bcryptjs": {
      "version": "2.4.3",
      "resolved": "https://registry.npmjs.org/bcryptjs/-/bcryptjs-2.4.3.tgz",
      "integrity": "sha512-V/Hy/X9Vt7f3BbPJEi8BdVFMByHi+jNXrYkW3huaybV/kQ0KJg0Y6PkEMbn+zeT+i+SiKZ/HMqJGIIt4LZDqNQ==",
      "license": "MIT"
    },
    "node_modules/buffer-from": {
      "version": "1.1.2",
      "resolved": "https://registry.npmjs.org/buffer-from/-/buffer-from-1.1.2.tgz",
      "integrity": "sha512-E+XQCRwSbaaiChtv6k6Dwgc+bx+Bs6vuKJHHl5kox/BaKbhiXzqQOwK4cO22yElGp2OCmjwVhT3HmxgyPGnJfQ==",
      "dev": true,
      "license": "MIT"
    },
    "node_modules/commander": {
      "version": "2.20.3",
      "resolved": "https://registry.npmjs.org/commander/-/commander-2.20.3.tgz",
      "integrity": "sha512-GpVkmM8vF2vQUkj2LvZmD35JxeJOLCwJ9cUkugyk2nuhbv3+mJvpLYYt+0+USMxE+oj+ey/lJEnhZw75x/OMcQ==",
      "dev": true,
      "license": "MIT"
    },
    "node_modules/iceberg-js": {
      "version": "0.8.1",
      "resolved": "https://registry.npmjs.org/iceberg-js/-/iceberg-js-0.8.1.tgz",
      "integrity": "sha512-1dhVQZXhcHje7798IVM+xoo/1ZdVfzOMIc8/rgVSijRK38EDqOJoGula9N/8ZI5RD8QTxNQtK/Gozpr+qUqRRA==",
      "license": "MIT",
      "engines": {
        "node": ">=20.0.0"
      }
    },
    "node_modules/source-map": {
      "version": "0.6.1",
      "resolved": "https://registry.npmjs.org/source-map/-/source-map-0.6.1.tgz",
      "integrity": "sha512-UjgapumWlbMhkBgzT7Ykc5YXUT46F0iKu8SGXq0bcwP5dz/h0Plj6enJqjz1Zbq2l5WaqYnrVbwWOWMyF3F47g==",
      "dev": true,
      "license": "BSD-3-Clause",
      "engines": {
        "node": ">=0.10.0"
      }
    },
    "node_modules/source-map-support": {
      "version": "0.5.21",
      "resolved": "https://registry.npmjs.org/source-map-support/-/source-map-support-0.5.21.tgz",
      "integrity": "sha512-uBHU3L3czsIyYXKX88fdrGovxdSCoTGDRZ6SYXtSRxLZUzHg5P/66Ht6uoUlHu9EZod+inXhKo3qQgwXUT/y1w==",
      "dev": true,
      "license": "MIT",
      "dependencies": {
        "buffer-from": "^1.0.0",
        "source-map": "^0.6.0"
      }
    },
    "node_modules/terser": {
      "version": "5.48.0",
      "resolved": "https://registry.npmjs.org/terser/-/terser-5.48.0.tgz",
      "integrity": "sha512-J/9An6vs9Us6wKRriSFXBWdRZapREHqFzdNUKk0pmu804EMR6dr6winwo7e5JDxN4xahxQsuysyYFwlwj4XN/Q==",
      "dev": true,
      "license": "BSD-2-Clause",
      "dependencies": {
        "@jridgewell/source-map": "^0.3.3",
        "acorn": "^8.15.0",
        "commander": "^2.20.0",
        "source-map-support": "~0.5.20"
      },
      "bin": {
        "terser": "bin/terser"
      },
      "engines": {
        "node": ">=10"
      }
    },
    "node_modules/tslib": {
      "version": "2.8.1",
      "resolved": "https://registry.npmjs.org/tslib/-/tslib-2.8.1.tgz",
      "integrity": "sha512-oJFu94HQb+KVduSUQL7wnpmqnfmLsOA/nAh6b6EH0wCEoK0/mPeXU6c3wKDV83MkOuHPRHtSXKKU99IBazS/2w==",
      "license": "0BSD"
    }
  }
}
